
Microsoft Visual Studio Solution File, Format Version 12.00
# Visual Studio Version 17
VisualStudioVersion = 17.14.36414.22
MinimumVisualStudioVersion = 10.0.40219.1
Project("{FAE04EC0-301F-11D3-BF4B-00C04F79EFBC}") = "Social_Media", "Social_Media.csproj", "{DAB58E30-A0FC-45F1-BEB1-5E6412E8D455}"
EndProject
Project("{FAE04EC0-301F-11D3-BF4B-00C04F79EFBC}") = "PimpleNet.Data", "..\PimpleNet.data\PimpleNet.Data.csproj", "{FD3CDB9A-5B61-441A-A238-C9B917765272}"
EndProject
Global
	GlobalSection(SolutionConfigurationPlatforms) = preSolution
		Debug|Any CPU = Debug|Any CPU
		Release|Any CPU = Release|Any CPU
	EndGlobalSection
	GlobalSection(ProjectConfigurationPlatforms) = postSolution
		{DAB58E30-A0FC-45F1-BEB1-5E6412E8D455}.Debug|Any CPU.ActiveCfg = Debug|Any CPU
		{DAB58E30-A0FC-45F1-BEB1-5E6412E8D455}.Debug|Any CPU.Build.0 = Debug|Any CPU
		{DAB58E30-A0FC-45F1-BEB1-5E6412E8D455}.Release|Any CPU.ActiveCfg = Release|Any CPU
		{DAB58E30-A0FC-45F1-BEB1-5E6412E8D455}.Release|Any CPU.Build.0 = Release|Any CPU
		{FD3CDB9A-5B61-441A-A238-C9B917765272}.Debug|Any CPU.ActiveCfg = Debug|Any CPU
		{FD3CDB9A-5B61-441A-A238-C9B917765272}.Debug|Any CPU.Build.0 = Debug|Any CPU
		{FD3CDB9A-5B61-441A-A238-C9B917765272}.Release|Any CPU.ActiveCfg = Release|Any CPU
		{FD3CDB9A-5B61-441A-A238-C9B917765272}.Release|Any CPU.Build.0 = Release|Any CPU
	EndGlobalSection
	GlobalSection(SolutionProperties) = preSolution
		HideSolutionNode = FALSE
	EndGlobalSection
	GlobalSection(ExtensibilityGlobals) = postSolution
		SolutionGuid = {0AAEEB97-83A7-4BFE-A857-456BFEB685E5}
	EndGlobalSection
EndGlobal
